# This file is automatically @generated by Cargo.
# It is not intended for manual editing.
version = 4

[[package]]
name = "asr"
version = "0.1.0"

[[package]]
name = "audio-input"
version = "0.1.0"

[[package]]
name = "cleanup"
version = "0.1.0"

[[package]]
name = "daemon"
version = "0.1.0"

[[package]]
name = "hotkey"
version = "0.1.0"

[[package]]
name = "inject"
version = "0.1.0"

[[package]]
name = "ring-buffer"
version = "0.1.0"

[[package]]
name = "vad"
version = "0.1.0"
